schema: '2.0'
stages:
  treino:
    cmd: uv run python -m churn.model
    deps:
    - path: data/churn.csv
      hash: md5
      md5: ca5c74c93b9748bed30992d64be8ce7c
      size: 995054
    - path: src/churn
      hash: md5
      md5: 34dda783fa190a3419dd0c6384120be4.dir
      size: 17800
      nfiles: 8
    outs:
    - path: artifacts/churn_model.pkl
      hash: md5
      md5: 6a7b2ad599d0add10e1624d89f5f333b
      size: 34812338
